
Microsoft Visual Studio Solution File, Format Version 12.00
# Visual Studio Version 17
VisualStudioVersion = 17.10.35004.147
MinimumVisualStudioVersion = 10.0.40219.1
Project("{FAE04EC0-301F-11D3-BF4B-00C04F79EFBC}") = "Tetris", "Tetris\Tetris.csproj", "{550A9D01-85D2-40E4-AC33-CD6CC5602737}"
EndProject
Global
	GlobalSection(SolutionConfigurationPlatforms) = preSolution
		Debug|Any CPU = Debug|Any CPU
		Release|Any CPU = Release|Any CPU
	EndGlobalSection
	GlobalSection(ProjectConfigurationPlatforms) = postSolution
		{550A9D01-85D2-40E4-AC33-CD6CC5602737}.Debug|Any CPU.ActiveCfg = Debug|Any CPU
		{550A9D01-85D2-40E4-AC33-CD6CC5602737}.Debug|Any CPU.Build.0 = Debug|Any CPU
		{550A9D01-85D2-40E4-AC33-CD6CC5602737}.Release|Any CPU.ActiveCfg = Release|Any CPU
		{550A9D01-85D2-40E4-AC33-CD6CC5602737}.Release|Any CPU.Build.0 = Release|Any CPU
	EndGlobalSection
	GlobalSection(SolutionProperties) = preSolution
		HideSolutionNode = FALSE
	EndGlobalSection
	GlobalSection(ExtensibilityGlobals) = postSolution
		SolutionGuid = {9B64D0D3-F602-4EB5-B545-A150ED886FA6}
	EndGlobalSection
EndGlobal
